#MicroXplorer Configuration settings - do not modify
Mcu.Family=STM32F0
ProjectManager.MainLocation=Core/Src
PA2.GPIO_PuPd=GPIO_NOPULL
RCC.MCOFreq_Value=48000000
PA6.Mode=Full_Duplex_Master
RCC.USART1Freq_Value=48000000
PC7.GPIOParameters=GPIO_Speed,PinState,GPIO_PuPd,GPIO_Label
USART2.IPParameters=VirtualMode-Asynchronous
ProjectManager.KeepUserCode=true
Mcu.UserName=STM32F030R8Tx
SPI1.VirtualType=VM_MASTER
PA10.GPIO_PuPd=GPIO_PULLUP
RCC.PLLCLKFreq_Value=48000000
PA14.GPIO_Label=TCK
PC7.Locked=true
PA3.GPIO_PuPd=GPIO_NOPULL
ProjectManager.functionlistsort=1-SystemClock_Config-RCC-false-HAL-false,2-MX_GPIO_Init-GPIO-false-HAL-true,3-MX_USART2_UART_Init-USART2-false-HAL-true,4-MX_I2C1_Init-I2C1-false-HAL-true,5-MX_SPI1_Init-SPI1-false-HAL-true,6-MX_FATFS_Init-FATFS-false-HAL-false
PA2.GPIO_Speed=GPIO_SPEED_FREQ_LOW
PA3.GPIOParameters=GPIO_Speed,GPIO_PuPd,GPIO_Label,GPIO_Mode
PA6.GPIO_Label=SPI1_MISO
PB6.GPIO_Label=LCD_CS
NVIC.SVC_IRQn=true\:0\:0\:false\:false\:true\:false\:false
PC13.GPIO_Label=USER_BTN
PA3.GPIO_Speed=GPIO_SPEED_FREQ_LOW
PA2.GPIOParameters=GPIO_Speed,GPIO_PuPd,GPIO_Label,GPIO_Mode
PinOutPanel.RotationAngle=0
PB3.GPIO_Speed=GPIO_SPEED_FREQ_MEDIUM
RCC.SYSCLKSource=RCC_SYSCLKSOURCE_PLLCLK
ProjectManager.StackSize=0x400
Mcu.IP4=SPI1
RCC.FCLKCortexFreq_Value=48000000
Mcu.IP5=SYS
Mcu.IP2=NVIC
Mcu.IP3=RCC
Mcu.IP0=FATFS
Mcu.IP1=I2C1
SPI1.CLKPolarity=SPI_POLARITY_LOW
Mcu.UserConstants=
PB3.PinState=GPIO_PIN_SET
Mcu.ThirdPartyNb=0
SPI1.Direction=SPI_DIRECTION_2LINES
RCC.HCLKFreq_Value=48000000
Mcu.IPNb=7
ProjectManager.PreviousToolchain=
PB6.Signal=GPIO_Output
PC7.Signal=GPIO_Output
SPI1.CalculateBaudRate=12.0 MBits/s
Mcu.Pin6=PA3
Mcu.Pin7=PA5
Mcu.Pin8=PA6
Mcu.Pin9=PA7
RCC.AHBFreq_Value=48000000
Mcu.Pin0=PC13
Mcu.Pin1=PC14-OSC32_IN
GPIO.groupedBy=Group By Peripherals
Mcu.Pin2=PC15-OSC32_OUT
Mcu.Pin3=PF0-OSC_IN
Mcu.Pin4=PF1-OSC_OUT
Mcu.Pin5=PA2
ProjectManager.ProjectBuild=false
USART2.VirtualMode-Asynchronous=VM_ASYNC
NVIC.SysTick_IRQn=true\:0\:0\:true\:false\:true\:true\:true
RCC.PLLMUL=RCC_PLL_MUL12
ProjectManager.FirmwarePackage=STM32Cube FW_F0 V1.11.2
MxDb.Version=DB.6.0.21
PA6.GPIO_PuPd=GPIO_PULLUP
PB3.GPIO_PuPd=GPIO_PULLUP
ProjectManager.BackupPrevious=true
PC14-OSC32_IN.Mode=LSE-External-Oscillator
PF0-OSC_IN.Locked=true
PA14.Mode=Serial_Wire
PA5.GPIO_PuPd=GPIO_PULLUP
SPI1.DataSize=SPI_DATASIZE_8BIT
File.Version=6
PA10.GPIO_Label=SD_DETECT
PC7.PinState=GPIO_PIN_SET
PB3.GPIOParameters=GPIO_Speed,PinState,GPIO_PuPd,GPIO_Label
PB8.Locked=true
PB6.Locked=true
NVIC.PendSV_IRQn=true\:0\:0\:false\:false\:true\:false\:false
PB6.GPIOParameters=GPIO_Speed,PinState,GPIO_PuPd,GPIO_Label
ProjectManager.HalAssertFull=false
ProjectManager.ProjectName=nucleo_F030R8_TFT_CubeMX
PA13.GPIOParameters=GPIO_Label
RCC.PLLMCOFreq_Value=24000000
Mcu.Package=LQFP64
PB9.Signal=I2C1_SDA
PA6.Signal=SPI1_MISO
PA5.Locked=true
PA7.Locked=true
VP_FATFS_VS_Generic.Signal=FATFS_VS_Generic
PA14.Locked=true
ProjectManager.ToolChainLocation=
PA2.GPIO_Label=STLINK_TX
VP_SYS_VS_Systick.Signal=SYS_VS_Systick
PA10.Signal=GPIO_Input
PA5.GPIOParameters=GPIO_PuPd,GPIO_Label
RCC.APB1TimFreq_Value=48000000
SPI1.BaudRatePrescaler=SPI_BAUDRATEPRESCALER_4
ProjectManager.CustomerFirmwarePackage=
PC14-OSC32_IN.Locked=true
PF1-OSC_OUT.Signal=RCC_OSC_OUT
PB3.Locked=true
PA3.Signal=USART2_RX
PA5.Mode=Full_Duplex_Master
PA2.GPIO_Mode=GPIO_MODE_AF_PP
PA2.Locked=true
PB3.GPIO_Label=SD_CS
PA6.GPIOParameters=GPIO_PuPd,GPIO_Label
PC15-OSC32_OUT.Mode=LSE-External-Oscillator
ProjectManager.ProjectFileName=nucleo_F030R8_TFT_CubeMX.ioc
PB8.GPIOParameters=GPIO_Label
PA7.Mode=Full_Duplex_Master
PB9.GPIO_Label=TS_SDA
Mcu.PinsNb=20
ProjectManager.NoMain=false
SPI1.IPParameters=VirtualType,Mode,Direction,BaudRatePrescaler,CalculateBaudRate,DataSize,CLKPhase,CLKPolarity,NSSPMode
PC13.Locked=true
PC13.Signal=GPIO_Input
PB6.GPIO_PuPd=GPIO_PULLUP
ProjectManager.DefaultFWLocation=true
SPI1.CLKPhase=SPI_PHASE_1EDGE
ProjectManager.DeletePrevious=false
PF1-OSC_OUT.Locked=true
PC14-OSC32_IN.Signal=RCC_OSC32_IN
boardIOC=true
RCC.FamilyName=M
PB9.GPIOParameters=GPIO_Label
PA13.Signal=SYS_SWDIO
PA3.Mode=Asynchronous
PB8.GPIO_Label=TS_SCL
PC15-OSC32_OUT.Locked=true
ProjectManager.TargetToolchain=STM32CubeIDE
PA3.GPIO_Mode=GPIO_MODE_AF_PP
PB9.Mode=I2C
PB9.Locked=true
ProjectManager.RegisterCallBack=
PC7.GPIO_PuPd=GPIO_PULLUP
PC15-OSC32_OUT.Signal=RCC_OSC32_OUT
PA7.GPIO_PuPd=GPIO_PULLUP
VP_FATFS_VS_Generic.Mode=User_defined
PF0-OSC_IN.Mode=HSE-External-Clock-Source
PA5.Signal=SPI1_SCK
board=NUCLEO-F030R8
PC7.GPIO_Speed=GPIO_SPEED_FREQ_MEDIUM
ProjectManager.LastFirmware=true
MxCube.Version=6.2.1
SPI1.Mode=SPI_MODE_MASTER
PC13.GPIOParameters=GPIO_Label
PA10.GPIOParameters=GPIO_PuPd,GPIO_Label
VP_SYS_VS_Systick.Mode=SysTick
NVIC.NonMaskableInt_IRQn=true\:0\:0\:false\:false\:true\:false\:false
PA13.Mode=Serial_Wire
ProjectManager.FreePins=false
RCC.IPParameters=AHBFreq_Value,APB1Freq_Value,APB1TimFreq_Value,FCLKCortexFreq_Value,FamilyName,HCLKFreq_Value,MCOFreq_Value,PLLCLKFreq_Value,PLLMCOFreq_Value,PLLMUL,SYSCLKFreq_VALUE,SYSCLKSource,TimSysFreq_Value,USART1Freq_Value
ProjectManager.AskForMigrate=true
Mcu.Name=STM32F030R8Tx
SPI1.NSSPMode=SPI_NSS_PULSE_ENABLE
PA13.GPIO_Label=TMS
PA2.Signal=USART2_TX
ProjectManager.UnderRoot=true
PC7.GPIO_Label=DATA_CMD
Mcu.IP6=USART2
ProjectManager.CoupleFile=true
PB3.Signal=GPIO_Output
RCC.SYSCLKFreq_VALUE=48000000
RCC.TimSysFreq_Value=48000000
PA7.GPIO_Label=SPI1_MOSI
PA3.Locked=true
PA5.GPIO_Label=SPI1_SCK
PA10.Locked=true
NVIC.ForceEnableDMAVector=true
KeepUserPlacement=false
PA14.GPIOParameters=GPIO_Label
PA13.Locked=true
ProjectManager.CompilerOptimize=6
PB6.PinState=GPIO_PIN_SET
PA14.Signal=SYS_SWCLK
ProjectManager.HeapSize=0x200
Mcu.Pin15=PB6
NVIC.HardFault_IRQn=true\:0\:0\:false\:false\:true\:false\:false
Mcu.Pin16=PB8
Mcu.Pin13=PA14
Mcu.Pin14=PB3
Mcu.Pin19=VP_SYS_VS_Systick
ProjectManager.ComputerToolchain=false
Mcu.Pin17=PB9
Mcu.Pin18=VP_FATFS_VS_Generic
Mcu.Pin11=PA10
Mcu.Pin12=PA13
PB8.Mode=I2C
Mcu.Pin10=PC7
PA2.Mode=Asynchronous
PB8.Signal=I2C1_SCL
PF0-OSC_IN.Signal=RCC_OSC_IN
PB6.GPIO_Speed=GPIO_SPEED_FREQ_MEDIUM
RCC.APB1Freq_Value=48000000
PA7.GPIOParameters=GPIO_PuPd,GPIO_Label
ProjectManager.DeviceId=STM32F030R8Tx
ProjectManager.LibraryCopy=1
PA3.GPIO_Label=STLINK_RX
PA7.Signal=SPI1_MOSI
PA6.Locked=true
isbadioc=false
